// !$*UTF8*$!
{
	archiveVersion = 1;
	classes = {
	};
	objectVersion = 50;
	objects = {

/* Begin PBXBuildFile section */
		FC19319E26B87E410078AAC8 /* AppDelegate.swift in Sources */ = {isa = PBXBuildFile; fileRef = FC19319D26B87E410078AAC8 /* AppDelegate.swift */; };
		FC1931A026B87E410078AAC8 /* SceneDelegate.swift in Sources */ = {isa = PBXBuildFile; fileRef = FC19319F26B87E410078AAC8 /* SceneDelegate.swift */; };
		FC1931A526B87E410078AAC8 /* Main.storyboard in Resources */ = {isa = PBXBuildFile; fileRef = FC1931A326B87E410078AAC8 /* Main.storyboard */; };
		FC1931A726B87E430078AAC8 /* Assets.xcassets in Resources */ = {isa = PBXBuildFile; fileRef = FC1931A626B87E430078AAC8 /* Assets.xcassets */; };
		FC1931AA26B87E430078AAC8 /* LaunchScreen.storyboard in Resources */ = {isa = PBXBuildFile; fileRef = FC1931A826B87E430078AAC8 /* LaunchScreen.storyboard */; };
		FC641C3526BC6E3B00749964 /* UserView.swift in Sources */ = {isa = PBXBuildFile; fileRef = FC641C3426BC6E3B00749964 /* UserView.swift */; };
		FC641C3B26BC973700749964 /* UserImageLikeControl.swift in Sources */ = {isa = PBXBuildFile; fileRef = FC641C3A26BC973700749964 /* UserImageLikeControl.swift */; };
		FC65EF1426B9366F001212C7 /* LoginViewController.swift in Sources */ = {isa = PBXBuildFile; fileRef = FC65EF1326B9366F001212C7 /* LoginViewController.swift */; };
		FC65EF1826B93816001212C7 /* UIViewController+extension.swift in Sources */ = {isa = PBXBuildFile; fileRef = FC65EF1726B93816001212C7 /* UIViewController+extension.swift */; };
		FC6CD3B626BB473D006B486D /* FriendsTableViewController.swift in Sources */ = {isa = PBXBuildFile; fileRef = FC6CD3B526BB473D006B486D /* FriendsTableViewController.swift */; };
		FC6CD3B926BB47CE006B486D /* FriendsTableViewCell.swift in Sources */ = {isa = PBXBuildFile; fileRef = FC6CD3B826BB47CE006B486D /* FriendsTableViewCell.swift */; };
		FC6CD3BF26BB4A5A006B486D /* User.swift in Sources */ = {isa = PBXBuildFile; fileRef = FC6CD3BE26BB4A5A006B486D /* User.swift */; };
		FC6CD3C226BB5740006B486D /* UserCollectionViewCell.swift in Sources */ = {isa = PBXBuildFile; fileRef = FC6CD3C126BB5740006B486D /* UserCollectionViewCell.swift */; };
		FC6CD3C526BB577A006B486D /* FriendsCollectionViewController.swift in Sources */ = {isa = PBXBuildFile; fileRef = FC6CD3C426BB577A006B486D /* FriendsCollectionViewController.swift */; };
		FC6CD3C826BB5E69006B486D /* UserGroupsTableViewController.swift in Sources */ = {isa = PBXBuildFile; fileRef = FC6CD3C726BB5E69006B486D /* UserGroupsTableViewController.swift */; };
		FC6CD3CB26BB5FDB006B486D /* GroupsTableViewCell.swift in Sources */ = {isa = PBXBuildFile; fileRef = FC6CD3CA26BB5FDB006B486D /* GroupsTableViewCell.swift */; };
		FC6CD3CE26BB60F9006B486D /* Group.swift in Sources */ = {isa = PBXBuildFile; fileRef = FC6CD3CD26BB60F9006B486D /* Group.swift */; };
		FCA51B9026BB6B2400B2FA77 /* AllGroupsTableViewCell.swift in Sources */ = {isa = PBXBuildFile; fileRef = FCA51B8F26BB6B2400B2FA77 /* AllGroupsTableViewCell.swift */; };
		FCA51B9426BB6B9700B2FA77 /* AllGroupsTableViewController.swift in Sources */ = {isa = PBXBuildFile; fileRef = FCA51B9326BB6B9700B2FA77 /* AllGroupsTableViewController.swift */; };
		FCB0A77A26C1C7AB0041982B /* NewsViewController.swift in Sources */ = {isa = PBXBuildFile; fileRef = FCB0A77926C1C7AB0041982B /* NewsViewController.swift */; };
/* End PBXBuildFile section */

/* Begin PBXFileReference section */
		FC19319A26B87E410078AAC8 /* CloneVK.app */ = {isa = PBXFileReference; explicitFileType = wrapper.application; includeInIndex = 0; path = CloneVK.app; sourceTree = BUILT_PRODUCTS_DIR; };
		FC19319D26B87E410078AAC8 /* AppDelegate.swift */ = {isa = PBXFileReference; lastKnownFileType = sourcecode.swift; path = AppDelegate.swift; sourceTree = "<group>"; };
		FC19319F26B87E410078AAC8 /* SceneDelegate.swift */ = {isa = PBXFileReference; lastKnownFileType = sourcecode.swift; path = SceneDelegate.swift; sourceTree = "<group>"; };
		FC1931A426B87E410078AAC8 /* Base */ = {isa = PBXFileReference; lastKnownFileType = file.storyboard; name = Base; path = Base.lproj/Main.storyboard; sourceTree = "<group>"; };
		FC1931A626B87E430078AAC8 /* Assets.xcassets */ = {isa = PBXFileReference; lastKnownFileType = folder.assetcatalog; path = Assets.xcassets; sourceTree = "<group>"; };
		FC1931A926B87E430078AAC8 /* Base */ = {isa = PBXFileReference; lastKnownFileType = file.storyboard; name = Base; path = Base.lproj/LaunchScreen.storyboard; sourceTree = "<group>"; };
		FC1931AB26B87E430078AAC8 /* Info.plist */ = {isa = PBXFileReference; lastKnownFileType = text.plist.xml; path = Info.plist; sourceTree = "<group>"; };
		FC641C3426BC6E3B00749964 /* UserView.swift */ = {isa = PBXFileReference; lastKnownFileType = sourcecode.swift; path = UserView.swift; sourceTree = "<group>"; };
		FC641C3A26BC973700749964 /* UserImageLikeControl.swift */ = {isa = PBXFileReference; lastKnownFileType = sourcecode.swift; path = UserImageLikeControl.swift; sourceTree = "<group>"; };
		FC65EF1326B9366F001212C7 /* LoginViewController.swift */ = {isa = PBXFileReference; fileEncoding = 4; lastKnownFileType = sourcecode.swift; path = LoginViewController.swift; sourceTree = "<group>"; };
		FC65EF1726B93816001212C7 /* UIViewController+extension.swift */ = {isa = PBXFileReference; fileEncoding = 4; lastKnownFileType = sourcecode.swift; path = "UIViewController+extension.swift"; sourceTree = "<group>"; };
		FC6CD3B526BB473D006B486D /* FriendsTableViewController.swift */ = {isa = PBXFileReference; lastKnownFileType = sourcecode.swift; path = FriendsTableViewController.swift; sourceTree = "<group>"; };
		FC6CD3B826BB47CE006B486D /* FriendsTableViewCell.swift */ = {isa = PBXFileReference; lastKnownFileType = sourcecode.swift; path = FriendsTableViewCell.swift; sourceTree = "<group>"; };
		FC6CD3BE26BB4A5A006B486D /* User.swift */ = {isa = PBXFileReference; lastKnownFileType = sourcecode.swift; path = User.swift; sourceTree = "<group>"; };
		FC6CD3C126BB5740006B486D /* UserCollectionViewCell.swift */ = {isa = PBXFileReference; lastKnownFileType = sourcecode.swift; path = UserCollectionViewCell.swift; sourceTree = "<group>"; };
		FC6CD3C426BB577A006B486D /* FriendsCollectionViewController.swift */ = {isa = PBXFileReference; lastKnownFileType = sourcecode.swift; path = FriendsCollectionViewController.swift; sourceTree = "<group>"; };
		FC6CD3C726BB5E69006B486D /* UserGroupsTableViewController.swift */ = {isa = PBXFileReference; lastKnownFileType = sourcecode.swift; path = UserGroupsTableViewController.swift; sourceTree = "<group>"; };
		FC6CD3CA26BB5FDB006B486D /* GroupsTableViewCell.swift */ = {isa = PBXFileReference; lastKnownFileType = sourcecode.swift; path = GroupsTableViewCell.swift; sourceTree = "<group>"; };
		FC6CD3CD26BB60F9006B486D /* Group.swift */ = {isa = PBXFileReference; lastKnownFileType = sourcecode.swift; path = Group.swift; sourceTree = "<group>"; };
		FCA51B8F26BB6B2400B2FA77 /* AllGroupsTableViewCell.swift */ = {isa = PBXFileReference; lastKnownFileType = sourcecode.swift; path = AllGroupsTableViewCell.swift; sourceTree = "<group>"; };
		FCA51B9326BB6B9700B2FA77 /* AllGroupsTableViewController.swift */ = {isa = PBXFileReference; lastKnownFileType = sourcecode.swift; path = AllGroupsTableViewController.swift; sourceTree = "<group>"; };
		FCB0A77926C1C7AB0041982B /* NewsViewController.swift */ = {isa = PBXFileReference; lastKnownFileType = sourcecode.swift; path = NewsViewController.swift; sourceTree = "<group>"; };
/* End PBXFileReference section */

/* Begin PBXFrameworksBuildPhase section */
		FC19319726B87E410078AAC8 /* Frameworks */ = {
			isa = PBXFrameworksBuildPhase;
			buildActionMask = 2147483647;
			files = (
			);
			runOnlyForDeploymentPostprocessing = 0;
		};
/* End PBXFrameworksBuildPhase section */

/* Begin PBXGroup section */
		FC19319126B87E400078AAC8 = {
			isa = PBXGroup;
			children = (
				FC19319C26B87E410078AAC8 /* CloneVK */,
				FC19319B26B87E410078AAC8 /* Products */,
			);
			sourceTree = "<group>";
		};
		FC19319B26B87E410078AAC8 /* Products */ = {
			isa = PBXGroup;
			children = (
				FC19319A26B87E410078AAC8 /* CloneVK.app */,
			);
			name = Products;
			sourceTree = "<group>";
		};
		FC19319C26B87E410078AAC8 /* CloneVK */ = {
			isa = PBXGroup;
			children = (
				FC6CD3BD26BB4A1E006B486D /* Model */,
				FC65EF2526BA0141001212C7 /* Application */,
				FC65EF2226B9D7DF001212C7 /* ViewControllers */,
				FC641C3726BC8B5300749964 /* Controls */,
				FC641C3D26BCABCA00749964 /* View */,
				FC6CD3BB26BB48E3006B486D /* Cell */,
				FC65EF1626B93816001212C7 /* Helpers */,
			);
			path = CloneVK;
			sourceTree = "<group>";
		};
		FC641C3726BC8B5300749964 /* Controls */ = {
			isa = PBXGroup;
			children = (
				FC641C3A26BC973700749964 /* UserImageLikeControl.swift */,
			);
			path = Controls;
			sourceTree = "<group>";
		};
		FC641C3D26BCABCA00749964 /* View */ = {
			isa = PBXGroup;
			children = (
				FC641C3426BC6E3B00749964 /* UserView.swift */,
			);
			path = View;
			sourceTree = "<group>";
		};
		FC65EF1626B93816001212C7 /* Helpers */ = {
			isa = PBXGroup;
			children = (
				FC65EF1726B93816001212C7 /* UIViewController+extension.swift */,
			);
			path = Helpers;
			sourceTree = "<group>";
		};
		FC65EF2226B9D7DF001212C7 /* ViewControllers */ = {
			isa = PBXGroup;
			children = (
				FC65EF1326B9366F001212C7 /* LoginViewController.swift */,
				FCB0A77926C1C7AB0041982B /* NewsViewController.swift */,
				FC6CD3C426BB577A006B486D /* FriendsCollectionViewController.swift */,
				FC6CD3B526BB473D006B486D /* FriendsTableViewController.swift */,
				FC6CD3C726BB5E69006B486D /* UserGroupsTableViewController.swift */,
				FCA51B9326BB6B9700B2FA77 /* AllGroupsTableViewController.swift */,
			);
			path = ViewControllers;
			sourceTree = "<group>";
		};
		FC65EF2526BA0141001212C7 /* Application */ = {
			isa = PBXGroup;
			children = (
				FC19319D26B87E410078AAC8 /* AppDelegate.swift */,
				FC19319F26B87E410078AAC8 /* SceneDelegate.swift */,
				FC1931A326B87E410078AAC8 /* Main.storyboard */,
				FC1931A626B87E430078AAC8 /* Assets.xcassets */,
				FC1931A826B87E430078AAC8 /* LaunchScreen.storyboard */,
				FC1931AB26B87E430078AAC8 /* Info.plist */,
			);
			path = Application;
			sourceTree = "<group>";
		};
		FC6CD3BB26BB48E3006B486D /* Cell */ = {
			isa = PBXGroup;
			children = (
				FC6CD3B826BB47CE006B486D /* FriendsTableViewCell.swift */,
				FC6CD3C126BB5740006B486D /* UserCollectionViewCell.swift */,
				FC6CD3CA26BB5FDB006B486D /* GroupsTableViewCell.swift */,
				FCA51B8F26BB6B2400B2FA77 /* AllGroupsTableViewCell.swift */,
			);
			path = Cell;
			sourceTree = "<group>";
		};
		FC6CD3BD26BB4A1E006B486D /* Model */ = {
			isa = PBXGroup;
			children = (
				FC6CD3BE26BB4A5A006B486D /* User.swift */,
				FC6CD3CD26BB60F9006B486D /* Group.swift */,
			);
			path = Model;
			sourceTree = "<group>";
		};
/* End PBXGroup section */

/* Begin PBXNativeTarget section */
		FC19319926B87E410078AAC8 /* CloneVK */ = {
			isa = PBXNativeTarget;
			buildConfigurationList = FC1931AE26B87E430078AAC8 /* Build configuration list for PBXNativeTarget "CloneVK" */;
			buildPhases = (
				FC1931B226B87E590078AAC8 /* SwiftFormat */,
				FC1931B326B87ECF0078AAC8 /* SwiftLint */,
				FC19319626B87E410078AAC8 /* Sources */,
				FC19319726B87E410078AAC8 /* Frameworks */,
				FC19319826B87E410078AAC8 /* Resources */,
			);
			buildRules = (
			);
			dependencies = (
			);
			name = CloneVK;
			productName = CloneVK;
			productReference = FC19319A26B87E410078AAC8 /* CloneVK.app */;
			productType = "com.apple.product-type.application";
		};
/* End PBXNativeTarget section */

/* Begin PBXProject section */
		FC19319226B87E400078AAC8 /* Project object */ = {
			isa = PBXProject;
			attributes = {
				LastSwiftUpdateCheck = 1240;
				LastUpgradeCheck = 1240;
				TargetAttributes = {
					FC19319926B87E410078AAC8 = {
						CreatedOnToolsVersion = 12.4;
					};
				};
			};
			buildConfigurationList = FC19319526B87E400078AAC8 /* Build configuration list for PBXProject "CloneVK" */;
			compatibilityVersion = "Xcode 9.3";
			developmentRegion = en;
			hasScannedForEncodings = 0;
			knownRegions = (
				en,
				Base,
			);
			mainGroup = FC19319126B87E400078AAC8;
			productRefGroup = FC19319B26B87E410078AAC8 /* Products */;
			projectDirPath = "";
			projectRoot = "";
			targets = (
				FC19319926B87E410078AAC8 /* CloneVK */,
			);
		};
/* End PBXProject section */

/* Begin PBXResourcesBuildPhase section */
		FC19319826B87E410078AAC8 /* Resources */ = {
			isa = PBXResourcesBuildPhase;
			buildActionMask = 2147483647;
			files = (
				FC1931AA26B87E430078AAC8 /* LaunchScreen.storyboard in Resources */,
				FC1931A726B87E430078AAC8 /* Assets.xcassets in Resources */,
				FC1931A526B87E410078AAC8 /* Main.storyboard in Resources */,
			);
			runOnlyForDeploymentPostprocessing = 0;
		};
/* End PBXResourcesBuildPhase section */

/* Begin PBXShellScriptBuildPhase section */
		FC1931B226B87E590078AAC8 /* SwiftFormat */ = {
			isa = PBXShellScriptBuildPhase;
			buildActionMask = 2147483647;
			files = (
			);
			inputFileListPaths = (
			);
			inputPaths = (
			);
			name = SwiftFormat;
			outputFileListPaths = (
			);
			outputPaths = (
			);
			runOnlyForDeploymentPostprocessing = 0;
			shellPath = /bin/sh;
			shellScript = "if which swiftformat >/dev/null; then\n  swiftformat .\nelse\n  echo \"warning: SwiftFormat not installed, download from https://github.com/nicklockwood/SwiftFormat\"\nfi\n\n";
		};
		FC1931B326B87ECF0078AAC8 /* SwiftLint */ = {
			isa = PBXShellScriptBuildPhase;
			buildActionMask = 2147483647;
			files = (
			);
			inputFileListPaths = (
			);
			inputPaths = (
			);
			name = SwiftLint;
			outputFileListPaths = (
			);
			outputPaths = (
			);
			runOnlyForDeploymentPostprocessing = 0;
			shellPath = /bin/sh;
			shellScript = "if which swiftlint >/dev/null; then\n  swiftlint\nelse\n  echo \"warning: SwiftLint not installed, download from https://github.com/realm/SwiftLint\"\nfi\n";
		};
/* End PBXShellScriptBuildPhase section */

/* Begin PBXSourcesBuildPhase section */
		FC19319626B87E410078AAC8 /* Sources */ = {
			isa = PBXSourcesBuildPhase;
			buildActionMask = 2147483647;
			files = (
				FC6CD3C526BB577A006B486D /* FriendsCollectionViewController.swift in Sources */,
				FC6CD3C826BB5E69006B486D /* UserGroupsTableViewController.swift in Sources */,
				FCA51B9426BB6B9700B2FA77 /* AllGroupsTableViewController.swift in Sources */,
				FC65EF1426B9366F001212C7 /* LoginViewController.swift in Sources */,
				FC6CD3CE26BB60F9006B486D /* Group.swift in Sources */,
				FC65EF1826B93816001212C7 /* UIViewController+extension.swift in Sources */,
				FC6CD3CB26BB5FDB006B486D /* GroupsTableViewCell.swift in Sources */,
				FC641C3526BC6E3B00749964 /* UserView.swift in Sources */,
				FC19319E26B87E410078AAC8 /* AppDelegate.swift in Sources */,
				FC6CD3B926BB47CE006B486D /* FriendsTableViewCell.swift in Sources */,
				FCA51B9026BB6B2400B2FA77 /* AllGroupsTableViewCell.swift in Sources */,
				FC1931A026B87E410078AAC8 /* SceneDelegate.swift in Sources */,
				FCB0A77A26C1C7AB0041982B /* NewsViewController.swift in Sources */,
				FC6CD3C226BB5740006B486D /* UserCollectionViewCell.swift in Sources */,
				FC641C3B26BC973700749964 /* UserImageLikeControl.swift in Sources */,
				FC6CD3B626BB473D006B486D /* FriendsTableViewController.swift in Sources */,
				FC6CD3BF26BB4A5A006B486D /* User.swift in Sources */,
			);
			runOnlyForDeploymentPostprocessing = 0;
		};
/* End PBXSourcesBuildPhase section */

/* Begin PBXVariantGroup section */
		FC1931A326B87E410078AAC8 /* Main.storyboard */ = {
			isa = PBXVariantGroup;
			children = (
				FC1931A426B87E410078AAC8 /* Base */,
			);
			name = Main.storyboard;
			sourceTree = "<group>";
		};
		FC1931A826B87E430078AAC8 /* LaunchScreen.storyboard */ = {
			isa = PBXVariantGroup;
			children = (
				FC1931A926B87E430078AAC8 /* Base */,
			);
			name = LaunchScreen.storyboard;
			sourceTree = "<group>";
		};
/* End PBXVariantGroup section */

/* Begin XCBuildConfiguration section */
		FC1931AC26B87E430078AAC8 /* Debug */ = {
			isa = XCBuildConfiguration;
			buildSettings = {
				ALWAYS_SEARCH_USER_PATHS = NO;
				CLANG_ANALYZER_NONNULL = YES;
				CLANG_ANALYZER_NUMBER_OBJECT_CONVERSION = YES_AGGRESSIVE;
				CLANG_CXX_LANGUAGE_STANDARD = "gnu++14";
				CLANG_CXX_LIBRARY = "libc++";
				CLANG_ENABLE_MODULES = YES;
				CLANG_ENABLE_OBJC_ARC = YES;
				CLANG_ENABLE_OBJC_WEAK = YES;
				CLANG_WARN_BLOCK_CAPTURE_AUTORELEASING = YES;
				CLANG_WARN_BOOL_CONVERSION = YES;
				CLANG_WARN_COMMA = YES;
				CLANG_WARN_CONSTANT_CONVERSION = YES;
				CLANG_WARN_DEPRECATED_OBJC_IMPLEMENTATIONS = YES;
				CLANG_WARN_DIRECT_OBJC_ISA_USAGE = YES_ERROR;
				CLANG_WARN_DOCUMENTATION_COMMENTS = YES;
				CLANG_WARN_EMPTY_BODY = YES;
				CLANG_WARN_ENUM_CONVERSION = YES;
				CLANG_WARN_INFINITE_RECURSION = YES;
				CLANG_WARN_INT_CONVERSION = YES;
				CLANG_WARN_NON_LITERAL_NULL_CONVERSION = YES;
				CLANG_WARN_OBJC_IMPLICIT_RETAIN_SELF = YES;
				CLANG_WARN_OBJC_LITERAL_CONVERSION = YES;
				CLANG_WARN_OBJC_ROOT_CLASS = YES_ERROR;
				CLANG_WARN_QUOTED_INCLUDE_IN_FRAMEWORK_HEADER = YES;
				CLANG_WARN_RANGE_LOOP_ANALYSIS = YES;
				CLANG_WARN_STRICT_PROTOTYPES = YES;
				CLANG_WARN_SUSPICIOUS_MOVE = YES;
				CLANG_WARN_UNGUARDED_AVAILABILITY = YES_AGGRESSIVE;
				CLANG_WARN_UNREACHABLE_CODE = YES;
				CLANG_WARN__DUPLICATE_METHOD_MATCH = YES;
				COPY_PHASE_STRIP = NO;
				DEBUG_INFORMATION_FORMAT = dwarf;
				ENABLE_STRICT_OBJC_MSGSEND = YES;
				ENABLE_TESTABILITY = YES;
				GCC_C_LANGUAGE_STANDARD = gnu11;
				GCC_DYNAMIC_NO_PIC = NO;
				GCC_NO_COMMON_BLOCKS = YES;
				GCC_OPTIMIZATION_LEVEL = 0;
				GCC_PREPROCESSOR_DEFINITIONS = (
					"DEBUG=1",
					"$(inherited)",
				);
				GCC_WARN_64_TO_32_BIT_CONVERSION = YES;
				GCC_WARN_ABOUT_RETURN_TYPE = YES_ERROR;
				GCC_WARN_UNDECLARED_SELECTOR = YES;
				GCC_WARN_UNINITIALIZED_AUTOS = YES_AGGRESSIVE;
				GCC_WARN_UNUSED_FUNCTION = YES;
				GCC_WARN_UNUSED_VARIABLE = YES;
				IPHONEOS_DEPLOYMENT_TARGET = 14.4;
				MTL_ENABLE_DEBUG_INFO = INCLUDE_SOURCE;
				MTL_FAST_MATH = YES;
				ONLY_ACTIVE_ARCH = YES;
				SDKROOT = iphoneos;
				SWIFT_ACTIVE_COMPILATION_CONDITIONS = DEBUG;
				SWIFT_OPTIMIZATION_LEVEL = "-Onone";
			};
			name = Debug;
		};
		FC1931AD26B87E430078AAC8 /* Release */ = {
			isa = XCBuildConfiguration;
			buildSettings = {
				ALWAYS_SEARCH_USER_PATHS = NO;
				CLANG_ANALYZER_NONNULL = YES;
				CLANG_ANALYZER_NUMBER_OBJECT_CONVERSION = YES_AGGRESSIVE;
				CLANG_CXX_LANGUAGE_STANDARD = "gnu++14";
				CLANG_CXX_LIBRARY = "libc++";
				CLANG_ENABLE_MODULES = YES;
				CLANG_ENABLE_OBJC_ARC = YES;
				CLANG_ENABLE_OBJC_WEAK = YES;
				CLANG_WARN_BLOCK_CAPTURE_AUTORELEASING = YES;
				CLANG_WARN_BOOL_CONVERSION = YES;
				CLANG_WARN_COMMA = YES;
				CLANG_WARN_CONSTANT_CONVERSION = YES;
				CLANG_WARN_DEPRECATED_OBJC_IMPLEMENTATIONS = YES;
				CLANG_WARN_DIRECT_OBJC_ISA_USAGE = YES_ERROR;
				CLANG_WARN_DOCUMENTATION_COMMENTS = YES;
				CLANG_WARN_EMPTY_BODY = YES;
				CLANG_WARN_ENUM_CONVERSION = YES;
				CLANG_WARN_INFINITE_RECURSION = YES;
				CLANG_WARN_INT_CONVERSION = YES;
				CLANG_WARN_NON_LITERAL_NULL_CONVERSION = YES;
				CLANG_WARN_OBJC_IMPLICIT_RETAIN_SELF = YES;
				CLANG_WARN_OBJC_LITERAL_CONVERSION = YES;
				CLANG_WARN_OBJC_ROOT_CLASS = YES_ERROR;
				CLANG_WARN_QUOTED_INCLUDE_IN_FRAMEWORK_HEADER = YES;
				CLANG_WARN_RANGE_LOOP_ANALYSIS = YES;
				CLANG_WARN_STRICT_PROTOTYPES = YES;
				CLANG_WARN_SUSPICIOUS_MOVE = YES;
				CLANG_WARN_UNGUARDED_AVAILABILITY = YES_AGGRESSIVE;
				CLANG_WARN_UNREACHABLE_CODE = YES;
				CLANG_WARN__DUPLICATE_METHOD_MATCH = YES;
				COPY_PHASE_STRIP = NO;
				DEBUG_INFORMATION_FORMAT = "dwarf-with-dsym";
				ENABLE_NS_ASSERTIONS = NO;
				ENABLE_STRICT_OBJC_MSGSEND = YES;
				GCC_C_LANGUAGE_STANDARD = gnu11;
				GCC_NO_COMMON_BLOCKS = YES;
				GCC_WARN_64_TO_32_BIT_CONVERSION = YES;
				GCC_WARN_ABOUT_RETURN_TYPE = YES_ERROR;
				GCC_WARN_UNDECLARED_SELECTOR = YES;
				GCC_WARN_UNINITIALIZED_AUTOS = YES_AGGRESSIVE;
				GCC_WARN_UNUSED_FUNCTION = YES;
				GCC_WARN_UNUSED_VARIABLE = YES;
				IPHONEOS_DEPLOYMENT_TARGET = 14.4;
				MTL_ENABLE_DEBUG_INFO = NO;
				MTL_FAST_MATH = YES;
				SDKROOT = iphoneos;
				SWIFT_COMPILATION_MODE = wholemodule;
				SWIFT_OPTIMIZATION_LEVEL = "-O";
				VALIDATE_PRODUCT = YES;
			};
			name = Release;
		};
		FC1931AF26B87E430078AAC8 /* Debug */ = {
			isa = XCBuildConfiguration;
			buildSettings = {
				ASSETCATALOG_COMPILER_APPICON_NAME = AppIcon;
				ASSETCATALOG_COMPILER_GLOBAL_ACCENT_COLOR_NAME = AccentColor;
				CODE_SIGN_STYLE = Automatic;
				INFOPLIST_FILE = CloneVK/Application/Info.plist;
				LD_RUNPATH_SEARCH_PATHS = (
					"$(inherited)",
					"@executable_path/Frameworks",
				);
				PRODUCT_BUNDLE_IDENTIFIER = "-0.CloneVK";
				PRODUCT_NAME = "$(TARGET_NAME)";
				SWIFT_VERSION = 5.0;
				TARGETED_DEVICE_FAMILY = "1,2";
			};
			name = Debug;
		};
		FC1931B026B87E430078AAC8 /* Release */ = {
			isa = XCBuildConfiguration;
			buildSettings = {
				ASSETCATALOG_COMPILER_APPICON_NAME = AppIcon;
				ASSETCATALOG_COMPILER_GLOBAL_ACCENT_COLOR_NAME = AccentColor;
				CODE_SIGN_STYLE = Automatic;
				INFOPLIST_FILE = CloneVK/Application/Info.plist;
				LD_RUNPATH_SEARCH_PATHS = (
					"$(inherited)",
					"@executable_path/Frameworks",
				);
				PRODUCT_BUNDLE_IDENTIFIER = "-0.CloneVK";
				PRODUCT_NAME = "$(TARGET_NAME)";
				SWIFT_VERSION = 5.0;
				TARGETED_DEVICE_FAMILY = "1,2";
			};
			name = Release;
		};
/* End XCBuildConfiguration section */

/* Begin XCConfigurationList section */
		FC19319526B87E400078AAC8 /* Build configuration list for PBXProject "CloneVK" */ = {
			isa = XCConfigurationList;
			buildConfigurations = (
				FC1931AC26B87E430078AAC8 /* Debug */,
				FC1931AD26B87E430078AAC8 /* Release */,
			);
			defaultConfigurationIsVisible = 0;
			defaultConfigurationName = Release;
		};
		FC1931AE26B87E430078AAC8 /* Build configuration list for PBXNativeTarget "CloneVK" */ = {
			isa = XCConfigurationList;
			buildConfigurations = (
				FC1931AF26B87E430078AAC8 /* Debug */,
				FC1931B026B87E430078AAC8 /* Release */,
			);
			defaultConfigurationIsVisible = 0;
			defaultConfigurationName = Release;
		};
/* End XCConfigurationList section */
	};
	rootObject = FC19319226B87E400078AAC8 /* Project object */;
}
